// !$*UTF8*$!
{
	archiveVersion = 1;
	classes = {
	};
	objectVersion = 46;
	objects = {

/* Begin PBXBuildFile section */
		9054ADB815791A4A00199BA3 /* UIKit.framework in Frameworks */ = {isa = PBXBuildFile; fileRef = 9054ADB715791A4A00199BA3 /* UIKit.framework */; };
		9054ADBA15791A4A00199BA3 /* Foundation.framework in Frameworks */ = {isa = PBXBuildFile; fileRef = 9054ADB915791A4A00199BA3 /* Foundation.framework */; };
		9054ADBC15791A4A00199BA3 /* CoreGraphics.framework in Frameworks */ = {isa = PBXBuildFile; fileRef = 9054ADBB15791A4A00199BA3 /* CoreGraphics.framework */; };
		9054ADC215791A4A00199BA3 /* InfoPlist.strings in Resources */ = {isa = PBXBuildFile; fileRef = 9054ADC015791A4A00199BA3 /* InfoPlist.strings */; };
		9054ADC415791A4A00199BA3 /* main.m in Sources */ = {isa = PBXBuildFile; fileRef = 9054ADC315791A4A00199BA3 /* main.m */; };
		9054ADC815791A4A00199BA3 /* JDMAppDelegate.m in Sources */ = {isa = PBXBuildFile; fileRef = 9054ADC715791A4A00199BA3 /* JDMAppDelegate.m */; };
		9054ADD915791B5A00199BA3 /* JDMTableGridView.m in Sources */ = {isa = PBXBuildFile; fileRef = 9054ADD815791B5A00199BA3 /* JDMTableGridView.m */; };
		9054ADE015791D6A00199BA3 /* JDMTableGridViewController.m in Sources */ = {isa = PBXBuildFile; fileRef = 9054ADDF15791D6A00199BA3 /* JDMTableGridViewController.m */; };
		9093D80F1579333D00E617EC /* QuartzCore.framework in Frameworks */ = {isa = PBXBuildFile; fileRef = 9093D80E1579333D00E617EC /* QuartzCore.framework */; };
/* End PBXBuildFile section */

/* Begin PBXFileReference section */
		9054ADB315791A4A00199BA3 /* TableGrid.app */ = {isa = PBXFileReference; explicitFileType = wrapper.application; includeInIndex = 0; path = TableGrid.app; sourceTree = BUILT_PRODUCTS_DIR; };
		9054ADB715791A4A00199BA3 /* UIKit.framework */ = {isa = PBXFileReference; lastKnownFileType = wrapper.framework; name = UIKit.framework; path = System/Library/Frameworks/UIKit.framework; sourceTree = SDKROOT; };
		9054ADB915791A4A00199BA3 /* Foundation.framework */ = {isa = PBXFileReference; lastKnownFileType = wrapper.framework; name = Foundation.framework; path = System/Library/Frameworks/Foundation.framework; sourceTree = SDKROOT; };
		9054ADBB15791A4A00199BA3 /* CoreGraphics.framework */ = {isa = PBXFileReference; lastKnownFileType = wrapper.framework; name = CoreGraphics.framework; path = System/Library/Frameworks/CoreGraphics.framework; sourceTree = SDKROOT; };
		9054ADBF15791A4A00199BA3 /* TableGrid-Info.plist */ = {isa = PBXFileReference; lastKnownFileType = text.plist.xml; path = "TableGrid-Info.plist"; sourceTree = "<group>"; };
		9054ADC115791A4A00199BA3 /* en */ = {isa = PBXFileReference; lastKnownFileType = text.plist.strings; name = en; path = en.lproj/InfoPlist.strings; sourceTree = "<group>"; };
		9054ADC315791A4A00199BA3 /* main.m */ = {isa = PBXFileReference; lastKnownFileType = sourcecode.c.objc; path = main.m; sourceTree = "<group>"; };
		9054ADC515791A4A00199BA3 /* TableGrid-Prefix.pch */ = {isa = PBXFileReference; lastKnownFileType = sourcecode.c.h; path = "TableGrid-Prefix.pch"; sourceTree = "<group>"; };
		9054ADC615791A4A00199BA3 /* JDMAppDelegate.h */ = {isa = PBXFileReference; lastKnownFileType = sourcecode.c.h; path = JDMAppDelegate.h; sourceTree = "<group>"; };
		9054ADC715791A4A00199BA3 /* JDMAppDelegate.m */ = {isa = PBXFileReference; lastKnownFileType = sourcecode.c.objc; path = JDMAppDelegate.m; sourceTree = "<group>"; };
		9054ADD715791B5A00199BA3 /* JDMTableGridView.h */ = {isa = PBXFileReference; fileEncoding = 4; lastKnownFileType = sourcecode.c.h; name = JDMTableGridView.h; path = ../../src/JDMTableGridView.h; sourceTree = "<group>"; };
		9054ADD815791B5A00199BA3 /* JDMTableGridView.m */ = {isa = PBXFileReference; fileEncoding = 4; lastKnownFileType = sourcecode.c.objc; name = JDMTableGridView.m; path = ../../src/JDMTableGridView.m; sourceTree = "<group>"; };
		9054ADDE15791D6A00199BA3 /* JDMTableGridViewController.h */ = {isa = PBXFileReference; fileEncoding = 4; lastKnownFileType = sourcecode.c.h; path = JDMTableGridViewController.h; sourceTree = "<group>"; };
		9054ADDF15791D6A00199BA3 /* JDMTableGridViewController.m */ = {isa = PBXFileReference; fileEncoding = 4; lastKnownFileType = sourcecode.c.objc; path = JDMTableGridViewController.m; sourceTree = "<group>"; };
		9093D80E1579333D00E617EC /* QuartzCore.framework */ = {isa = PBXFileReference; lastKnownFileType = wrapper.framework; name = QuartzCore.framework; path = System/Library/Frameworks/QuartzCore.framework; sourceTree = SDKROOT; };
/* End PBXFileReference section */

/* Begin PBXFrameworksBuildPhase section */
		9054ADB015791A4A00199BA3 /* Frameworks */ = {
			isa = PBXFrameworksBuildPhase;
			buildActionMask = 2147483647;
			files = (
				9054ADB815791A4A00199BA3 /* UIKit.framework in Frameworks */,
				9054ADBA15791A4A00199BA3 /* Foundation.framework in Frameworks */,
				9054ADBC15791A4A00199BA3 /* CoreGraphics.framework in Frameworks */,
				9093D80F1579333D00E617EC /* QuartzCore.framework in Frameworks */,
			);
			runOnlyForDeploymentPostprocessing = 0;
		};
/* End PBXFrameworksBuildPhase section */

/* Begin PBXGroup section */
		9054ADA815791A4A00199BA3 = {
			isa = PBXGroup;
			children = (
				9054ADBD15791A4A00199BA3 /* TableGrid */,
				9054ADB615791A4A00199BA3 /* Frameworks */,
				9054ADB415791A4A00199BA3 /* Products */,
			);
			sourceTree = "<group>";
		};
		9054ADB415791A4A00199BA3 /* Products */ = {
			isa = PBXGroup;
			children = (
				9054ADB315791A4A00199BA3 /* TableGrid.app */,
			);
			name = Products;
			sourceTree = "<group>";
		};
		9054ADB615791A4A00199BA3 /* Frameworks */ = {
			isa = PBXGroup;
			children = (
				9054ADB715791A4A00199BA3 /* UIKit.framework */,
				9054ADB915791A4A00199BA3 /* Foundation.framework */,
				9054ADBB15791A4A00199BA3 /* CoreGraphics.framework */,
				9093D80E1579333D00E617EC /* QuartzCore.framework */,
			);
			name = Frameworks;
			sourceTree = "<group>";
		};
		9054ADBD15791A4A00199BA3 /* TableGrid */ = {
			isa = PBXGroup;
			children = (
				9054ADC615791A4A00199BA3 /* JDMAppDelegate.h */,
				9054ADC715791A4A00199BA3 /* JDMAppDelegate.m */,
				9054ADDE15791D6A00199BA3 /* JDMTableGridViewController.h */,
				9054ADDF15791D6A00199BA3 /* JDMTableGridViewController.m */,
				9054ADD215791AB300199BA3 /* TableGridSource */,
				9054ADBE15791A4A00199BA3 /* Supporting Files */,
			);
			path = TableGrid;
			sourceTree = "<group>";
		};
		9054ADBE15791A4A00199BA3 /* Supporting Files */ = {
			isa = PBXGroup;
			children = (
				9054ADBF15791A4A00199BA3 /* TableGrid-Info.plist */,
				9054ADC015791A4A00199BA3 /* InfoPlist.strings */,
				9054ADC315791A4A00199BA3 /* main.m */,
				9054ADC515791A4A00199BA3 /* TableGrid-Prefix.pch */,
			);
			name = "Supporting Files";
			sourceTree = "<group>";
		};
		9054ADD215791AB300199BA3 /* TableGridSource */ = {
			isa = PBXGroup;
			children = (
				9054ADD715791B5A00199BA3 /* JDMTableGridView.h */,
				9054ADD815791B5A00199BA3 /* JDMTableGridView.m */,
			);
			name = TableGridSource;
			sourceTree = "<group>";
		};
/* End PBXGroup section */

/* Begin PBXNativeTarget section */
		9054ADB215791A4A00199BA3 /* TableGrid */ = {
			isa = PBXNativeTarget;
			buildConfigurationList = 9054ADCB15791A4A00199BA3 /* Build configuration list for PBXNativeTarget "TableGrid" */;
			buildPhases = (
				9054ADAF15791A4A00199BA3 /* Sources */,
				9054ADB015791A4A00199BA3 /* Frameworks */,
				9054ADB115791A4A00199BA3 /* Resources */,
			);
			buildRules = (
			);
			dependencies = (
			);
			name = TableGrid;
			productName = TableGrid;
			productReference = 9054ADB315791A4A00199BA3 /* TableGrid.app */;
			productType = "com.apple.product-type.application";
		};
/* End PBXNativeTarget section */

/* Begin PBXProject section */
		9054ADAA15791A4A00199BA3 /* Project object */ = {
			isa = PBXProject;
			attributes = {
				CLASSPREFIX = JDM;
				LastUpgradeCheck = 0430;
				ORGANIZATIONNAME = Pearson;
			};
			buildConfigurationList = 9054ADAD15791A4A00199BA3 /* Build configuration list for PBXProject "TableGrid" */;
			compatibilityVersion = "Xcode 3.2";
			developmentRegion = English;
			hasScannedForEncodings = 0;
			knownRegions = (
				en,
			);
			mainGroup = 9054ADA815791A4A00199BA3;
			productRefGroup = 9054ADB415791A4A00199BA3 /* Products */;
			projectDirPath = "";
			projectRoot = "";
			targets = (
				9054ADB215791A4A00199BA3 /* TableGrid */,
			);
		};
/* End PBXProject section */

/* Begin PBXResourcesBuildPhase section */
		9054ADB115791A4A00199BA3 /* Resources */ = {
			isa = PBXResourcesBuildPhase;
			buildActionMask = 2147483647;
			files = (
				9054ADC215791A4A00199BA3 /* InfoPlist.strings in Resources */,
			);
			runOnlyForDeploymentPostprocessing = 0;
		};
/* End PBXResourcesBuildPhase section */

/* Begin PBXSourcesBuildPhase section */
		9054ADAF15791A4A00199BA3 /* Sources */ = {
			isa = PBXSourcesBuildPhase;
			buildActionMask = 2147483647;
			files = (
				9054ADC415791A4A00199BA3 /* main.m in Sources */,
				9054ADC815791A4A00199BA3 /* JDMAppDelegate.m in Sources */,
				9054ADD915791B5A00199BA3 /* JDMTableGridView.m in Sources */,
				9054ADE015791D6A00199BA3 /* JDMTableGridViewController.m in Sources */,
			);
			runOnlyForDeploymentPostprocessing = 0;
		};
/* End PBXSourcesBuildPhase section */

/* Begin PBXVariantGroup section */
		9054ADC015791A4A00199BA3 /* InfoPlist.strings */ = {
			isa = PBXVariantGroup;
			children = (
				9054ADC115791A4A00199BA3 /* en */,
			);
			name = InfoPlist.strings;
			sourceTree = "<group>";
		};
/* End PBXVariantGroup section */

/* Begin XCBuildConfiguration section */
		9054ADC915791A4A00199BA3 /* Debug */ = {
			isa = XCBuildConfiguration;
			buildSettings = {
				ALWAYS_SEARCH_USER_PATHS = NO;
				ARCHS = "$(ARCHS_STANDARD_32_BIT)";
				"CODE_SIGN_IDENTITY[sdk=iphoneos*]" = "iPhone Developer";
				COPY_PHASE_STRIP = NO;
				GCC_C_LANGUAGE_STANDARD = gnu99;
				GCC_DYNAMIC_NO_PIC = NO;
				GCC_OPTIMIZATION_LEVEL = 0;
				GCC_PREPROCESSOR_DEFINITIONS = (
					"DEBUG=1",
					"$(inherited)",
				);
				GCC_SYMBOLS_PRIVATE_EXTERN = NO;
				GCC_VERSION = com.apple.compilers.llvm.clang.1_0;
				GCC_WARN_ABOUT_RETURN_TYPE = YES;
				GCC_WARN_UNINITIALIZED_AUTOS = YES;
				GCC_WARN_UNUSED_VARIABLE = YES;
				IPHONEOS_DEPLOYMENT_TARGET = 5.1;
				SDKROOT = iphoneos;
				TARGETED_DEVICE_FAMILY = "1,2";
			};
			name = Debug;
		};
		9054ADCA15791A4A00199BA3 /* Release */ = {
			isa = XCBuildConfiguration;
			buildSettings = {
				ALWAYS_SEARCH_USER_PATHS = NO;
				ARCHS = "$(ARCHS_STANDARD_32_BIT)";
				"CODE_SIGN_IDENTITY[sdk=iphoneos*]" = "iPhone Developer";
				COPY_PHASE_STRIP = YES;
				GCC_C_LANGUAGE_STANDARD = gnu99;
				GCC_VERSION = com.apple.compilers.llvm.clang.1_0;
				GCC_WARN_ABOUT_RETURN_TYPE = YES;
				GCC_WARN_UNINITIALIZED_AUTOS = YES;
				GCC_WARN_UNUSED_VARIABLE = YES;
				IPHONEOS_DEPLOYMENT_TARGET = 5.1;
				OTHER_CFLAGS = "-DNS_BLOCK_ASSERTIONS=1";
				SDKROOT = iphoneos;
				TARGETED_DEVICE_FAMILY = "1,2";
				VALIDATE_PRODUCT = YES;
			};
			name = Release;
		};
		9054ADCC15791A4A00199BA3 /* Debug */ = {
			isa = XCBuildConfiguration;
			buildSettings = {
				GCC_PRECOMPILE_PREFIX_HEADER = YES;
				GCC_PREFIX_HEADER = "TableGrid/TableGrid-Prefix.pch";
				INFOPLIST_FILE = "TableGrid/TableGrid-Info.plist";
				PRODUCT_NAME = "$(TARGET_NAME)";
				WRAPPER_EXTENSION = app;
			};
			name = Debug;
		};
		9054ADCD15791A4A00199BA3 /* Release */ = {
			isa = XCBuildConfiguration;
			buildSettings = {
				GCC_PRECOMPILE_PREFIX_HEADER = YES;
				GCC_PREFIX_HEADER = "TableGrid/TableGrid-Prefix.pch";
				INFOPLIST_FILE = "TableGrid/TableGrid-Info.plist";
				PRODUCT_NAME = "$(TARGET_NAME)";
				WRAPPER_EXTENSION = app;
			};
			name = Release;
		};
/* End XCBuildConfiguration section */

/* Begin XCConfigurationList section */
		9054ADAD15791A4A00199BA3 /* Build configuration list for PBXProject "TableGrid" */ = {
			isa = XCConfigurationList;
			buildConfigurations = (
				9054ADC915791A4A00199BA3 /* Debug */,
				9054ADCA15791A4A00199BA3 /* Release */,
			);
			defaultConfigurationIsVisible = 0;
			defaultConfigurationName = Release;
		};
		9054ADCB15791A4A00199BA3 /* Build configuration list for PBXNativeTarget "TableGrid" */ = {
			isa = XCConfigurationList;
			buildConfigurations = (
				9054ADCC15791A4A00199BA3 /* Debug */,
				9054ADCD15791A4A00199BA3 /* Release */,
			);
			defaultConfigurationIsVisible = 0;
			defaultConfigurationName = Release;
		};
/* End XCConfigurationList section */
	};
	rootObject = 9054ADAA15791A4A00199BA3 /* Project object */;
}
